# Generated by conda-lock.
# platform: win-64
# input_hash: 87dc42c14af2e9ed7599a32ec11d91d52e2a81a8b4360c89361f4527705c59f8
@EXPLICIT
https://conda.anaconda.org/conda-forge/win-64/ca-certificates-2022.12.7-h5b45459_0.conda#31de4d9887dc8eaed9e6230a5dfbb9d6
https://conda.anaconda.org/conda-forge/win-64/intel-openmp-2023.0.0-h57928b3_25922.conda#8ecf3a448f5a35bd30cb39ddc2a19058
https://conda.anaconda.org/conda-forge/win-64/mkl-include-2022.1.0-h6a75c08_874.tar.bz2#414f6ab96ad71e7a95bd00d990fa3473
https://conda.anaconda.org/conda-forge/win-64/msys2-conda-epoch-20160418-1.tar.bz2#b0309b72560df66f71a9d5e34a5efdfa
https://conda.anaconda.org/conda-forge/noarch/pybind11-abi-4-hd8ed1ab_3.tar.bz2#878f923dd6acc8aeb47a75da6c4098be
https://conda.anaconda.org/conda-forge/win-64/python_abi-3.10-3_cp310.conda#f4cfd883c0d91bb17164d8e34f4900d5
https://conda.anaconda.org/pytorch/noarch/pytorch-mutex-1.0-cpu.tar.bz2#49565ed726991fd28d08a39885caa88d
https://conda.anaconda.org/conda-forge/noarch/tzdata-2022g-h191b570_0.conda#51fc4fcfb19f5d95ffc8c339db5068e8
https://conda.anaconda.org/conda-forge/win-64/ucrt-10.0.22621.0-h57928b3_0.tar.bz2#72608f6cd3e5898229c3ea16deb1ac43
https://conda.anaconda.org/conda-forge/win-64/m2w64-gmp-6.1.0-2.tar.bz2#53a1c73e1e3d185516d7e3af177596d9
https://conda.anaconda.org/conda-forge/win-64/m2w64-libwinpthread-git-5.0.0.4634.697f757-2.tar.bz2#774130a326dee16f1ceb05cc687ee4f0
https://conda.anaconda.org/conda-forge/win-64/vs2015_runtime-14.34.31931-h4c5c07a_10.conda#25640086ba777e79e5d233d079d7c5fc
https://conda.anaconda.org/conda-forge/win-64/m2w64-gcc-libs-core-5.3.0-7.tar.bz2#4289d80fb4d272f1f3b56cfe87ac90bd
https://conda.anaconda.org/conda-forge/win-64/vc-14.3-hb6edc58_10.conda#52d246d8d14b83c516229be5bb03a163
https://conda.anaconda.org/conda-forge/win-64/aws-c-common-0.8.5-hcfcfb64_0.tar.bz2#4e7f266991dfc670cb416f5e2a5b8824
https://conda.anaconda.org/conda-forge/win-64/bzip2-1.0.8-h8ffe710_4.tar.bz2#7c03c66026944073040cb19a4f3ec3c9
https://conda.anaconda.org/conda-forge/win-64/c-ares-1.18.1-h8ffe710_0.tar.bz2#6aa55bbdfe054ea36c1c99d3adace8d9
https://conda.anaconda.org/conda-forge/win-64/fmt-9.1.0-h181d51b_0.tar.bz2#31a20cf261b2bd0a76d670db1b3e6fa1
https://conda.anaconda.org/conda-forge/win-64/gflags-2.2.2-ha925a31_1004.tar.bz2#e9442160f56fa442d4ff3eb2e4cf0f22
https://conda.anaconda.org/conda-forge/win-64/libabseil-20220623.0-cxx17_h1a56200_6.conda#5a3b4c52be0bd9dd8718c560e38db140
https://conda.anaconda.org/conda-forge/win-64/libbrotlicommon-1.0.9-hcfcfb64_8.tar.bz2#e8078e37208cd7d3e1eb5053f370ded8
https://conda.anaconda.org/conda-forge/win-64/libcrc32c-1.1.2-h0e60522_0.tar.bz2#cd4cc2d0c610c8cb5419ccc979f2d6ce
https://conda.anaconda.org/conda-forge/win-64/libffi-3.4.2-h8ffe710_5.tar.bz2#2c96d1b6915b408893f9472569dee135
https://conda.anaconda.org/conda-forge/win-64/libiconv-1.17-h8ffe710_0.tar.bz2#050119977a86e4856f0416e2edcf81bb
https://conda.anaconda.org/conda-forge/win-64/libsqlite-3.40.0-hcfcfb64_0.tar.bz2#5e5a97795de72f8cc3baf3d9ea6327a2
https://conda.anaconda.org/conda-forge/win-64/libutf8proc-2.8.0-h82a8f57_0.tar.bz2#076894846fe9f068f91c57d158c90cba
https://conda.anaconda.org/conda-forge/win-64/libuv-1.44.2-h8ffe710_0.tar.bz2#0d45ae978c33ff0b5f95ea24c717d5cf
https://conda.anaconda.org/conda-forge/win-64/libzlib-1.2.13-hcfcfb64_4.tar.bz2#0cc5c5cc64ee1637f37f8540a175854c
https://conda.anaconda.org/conda-forge/win-64/lz4-c-1.9.3-h8ffe710_1.tar.bz2#d12763533276560a931c1bd3df1adf63
https://conda.anaconda.org/conda-forge/win-64/lzo-2.10-he774522_1000.tar.bz2#d5cf4b7eaa52316f135eed9e8548ad57
https://conda.anaconda.org/conda-forge/win-64/m2w64-gcc-libgfortran-5.3.0-6.tar.bz2#066552ac6b907ec6d72c0ddab29050dc
https://conda.anaconda.org/conda-forge/win-64/openssl-3.0.7-hcfcfb64_1.conda#e48b661f57b25ddf34996fa8b685182d
https://conda.anaconda.org/conda-forge/win-64/pthreads-win32-2.9.1-hfa6e2cd_3.tar.bz2#e2da8758d7d51ff6aa78a14dfb9dbed4
https://conda.anaconda.org/conda-forge/win-64/re2-2022.06.01-h0e60522_1.conda#dcff2309ccfcec47248ebb6f502c35ff
https://conda.anaconda.org/conda-forge/win-64/reproc-14.2.4-hcfcfb64_0.conda#059e1351c1affff15b16aec51c6967a6
https://conda.anaconda.org/conda-forge/win-64/snappy-1.1.9-hfb803bf_2.tar.bz2#073b08c65807f205d990ace14ccacdb2
https://conda.anaconda.org/conda-forge/win-64/tk-8.6.12-h8ffe710_0.tar.bz2#c69a5047cc9291ae40afd4a1ad6f0c0f
https://conda.anaconda.org/conda-forge/win-64/xz-5.2.6-h8d14728_0.tar.bz2#515d77642eaa3639413c6b1bc3f94219
https://conda.anaconda.org/conda-forge/win-64/yaml-cpp-0.7.0-h63175ca_2.tar.bz2#27c8a78ba0cd18268cfc7b04c5512162
https://conda.anaconda.org/conda-forge/win-64/aws-c-cal-0.5.20-h4b5e85a_3.tar.bz2#0ef44c1017a1b17abe25f9d8f920658c
https://conda.anaconda.org/conda-forge/win-64/aws-c-compression-0.2.16-h3dc32ea_0.tar.bz2#287574392044166f053bd9d1922e84a6
https://conda.anaconda.org/conda-forge/win-64/aws-c-sdkutils-0.1.7-h3dc32ea_0.tar.bz2#51e4ad8350c10ade1a16fdbed959ed7a
https://conda.anaconda.org/conda-forge/win-64/aws-checksums-0.1.14-h3dc32ea_0.conda#58223bc85fd4ac4c7cbf607a079b3d2b
https://conda.anaconda.org/conda-forge/win-64/glog-0.6.0-h4797de2_0.tar.bz2#fdc11ab9a621f009995e89f52bea3004
https://conda.anaconda.org/conda-forge/win-64/krb5-1.20.1-heb0366b_0.conda#a07b05ee8f451ab15698397185efe989
https://conda.anaconda.org/conda-forge/win-64/libbrotlidec-1.0.9-hcfcfb64_8.tar.bz2#99839d9d81f33afa173c0fa82a702038
https://conda.anaconda.org/conda-forge/win-64/libbrotlienc-1.0.9-hcfcfb64_8.tar.bz2#88e62627120c20289bf8982b15e0a6a1
https://conda.anaconda.org/conda-forge/win-64/libprotobuf-3.21.12-h12be248_0.conda#065644957b64030c520c732a0b7eb43d
https://conda.anaconda.org/conda-forge/win-64/libsolv-0.7.23-h12be248_0.conda#4955aac5971a11e1b79c47912645b9e2
https://conda.anaconda.org/conda-forge/win-64/libssh2-1.10.0-h9a1e1f7_3.tar.bz2#c2b344e960a173c777bb3ed172c38cd8
https://conda.anaconda.org/conda-forge/win-64/libthrift-0.16.0-h9ce19ad_2.tar.bz2#1578fe99150f62ae86e77793cb57e312
https://conda.anaconda.org/conda-forge/win-64/libxml2-2.10.3-hc3477c8_0.tar.bz2#6dcf17bf780618ddb559d992ea3b6961
https://conda.anaconda.org/conda-forge/win-64/m2w64-gcc-libs-5.3.0-7.tar.bz2#fe759119b8b3bfa720b8762c6fdc35de
https://conda.anaconda.org/conda-forge/win-64/python-3.10.8-h4de0772_0_cpython.conda#6a74ef0e5662397929214f2fb04c7d19
https://conda.anaconda.org/conda-forge/win-64/reproc-cpp-14.2.4-h63175ca_0.conda#a9ee9bbbbda9b32ec690c4909146770d
https://conda.anaconda.org/conda-forge/win-64/zlib-1.2.13-hcfcfb64_4.tar.bz2#eed9fec3e6d2e8865135b09d24ca040c
https://conda.anaconda.org/conda-forge/win-64/zstd-1.5.2-h7755175_4.tar.bz2#13acb3626fcc8c0577249f3a7b6129f4
https://conda.anaconda.org/conda-forge/noarch/attrs-22.2.0-pyh71513ae_0.conda#8b76db7818a4e401ed4486c4c1635cd9
https://conda.anaconda.org/conda-forge/win-64/aws-c-io-0.13.12-hea55e33_1.conda#e53091607e264333f50e5bde582da2b7
https://conda.anaconda.org/conda-forge/noarch/certifi-2022.12.7-pyhd8ed1ab_0.conda#fb9addc3db06e56abe03e0e9f21a63e6
https://conda.anaconda.org/conda-forge/noarch/charset-normalizer-2.1.1-pyhd8ed1ab_0.tar.bz2#c1d5b294fbf9a795dec349a6f4d8be8e
https://conda.anaconda.org/conda-forge/noarch/colorama-0.4.6-pyhd8ed1ab_0.tar.bz2#3faab06a954c2a04039983f2c4a50d99
https://conda.anaconda.org/conda-forge/noarch/crashtest-0.4.1-pyhd8ed1ab_0.tar.bz2#709a2295dd907bb34afb57d54320642f
https://conda.anaconda.org/conda-forge/noarch/distlib-0.3.6-pyhd8ed1ab_0.tar.bz2#b65b4d50dbd2d50fa0aeac367ec9eed7
https://conda.anaconda.org/conda-forge/noarch/filelock-3.9.0-pyhd8ed1ab_0.conda#1addc115923d646ca19ed90edc413506
https://conda.anaconda.org/conda-forge/noarch/idna-3.4-pyhd8ed1ab_0.tar.bz2#34272b248891bddccc64479f9a7fffed
https://conda.anaconda.org/conda-forge/win-64/libarchive-3.6.2-h27c7867_0.conda#6e1fc6cfaa26186dd5abd5df8d732193
https://conda.anaconda.org/conda-forge/win-64/libcurl-7.87.0-h68f0423_0.conda#27b5308ff9ea613d99b004cb698c0e2d
https://conda.anaconda.org/conda-forge/win-64/libgrpc-1.51.1-h6a6baca_0.conda#16718658d952992bb2c07a107c066a32
https://conda.anaconda.org/conda-forge/win-64/libhwloc-2.8.0-h039e092_1.tar.bz2#e84839b06cdd039130a1d1aa875146d3
https://conda.anaconda.org/conda-forge/noarch/lockfile-0.12.2-py_1.tar.bz2#c104d98e09c47519950cffb8dd5b4f10
https://conda.anaconda.org/conda-forge/win-64/menuinst-1.4.19-py310h5588dad_1.tar.bz2#15cfc917187d7c173647dd65d340259b
https://conda.anaconda.org/conda-forge/noarch/more-itertools-9.0.0-pyhd8ed1ab_0.tar.bz2#9b6ad26944f19f599800b068e0582227
https://conda.anaconda.org/conda-forge/win-64/msgpack-python-1.0.4-py310h232114e_1.tar.bz2#037a60d74aadd3a2f10e1e9580a42a9b
https://conda.anaconda.org/conda-forge/noarch/packaging-23.0-pyhd8ed1ab_0.conda#1ff2e3ca41f0ce16afec7190db28288b
https://conda.anaconda.org/conda-forge/noarch/pkginfo-1.9.6-pyhd8ed1ab_0.conda#be1e9f1c65a1ed0f2ae9352fec99db64
https://conda.anaconda.org/conda-forge/noarch/pkgutil-resolve-name-1.3.10-pyhd8ed1ab_0.tar.bz2#89e3c7cdde7d3aaa2aee933b604dd07f
https://conda.anaconda.org/conda-forge/noarch/pluggy-1.0.0-pyhd8ed1ab_5.tar.bz2#7d301a0d25f424d96175f810935f0da9
https://conda.anaconda.org/conda-forge/noarch/ptyprocess-0.7.0-pyhd3deb0d_0.tar.bz2#359eeb6536da0e687af562ed265ec263
https://conda.anaconda.org/conda-forge/win-64/pycosat-0.6.4-py310h8d17308_1.tar.bz2#3324f50e5d46a04309d8f8f956c17244
https://conda.anaconda.org/conda-forge/noarch/pycparser-2.21-pyhd8ed1ab_0.tar.bz2#076becd9e05608f8dc72757d5f3a91ff
https://conda.anaconda.org/conda-forge/win-64/pyrsistent-0.19.3-py310h8d17308_0.conda#ddba6aad7d1857d16675d41a6e8b0224
https://conda.anaconda.org/conda-forge/noarch/pysocks-1.7.1-pyha2e5f31_6.tar.bz2#2a7de29fb590ca14b5243c4c812c8025
https://conda.anaconda.org/conda-forge/noarch/pytz-2022.7-pyhd8ed1ab_0.conda#c8d7e34ca76d6ecc03b84bedfd99d689
https://conda.anaconda.org/conda-forge/win-64/pywin32-ctypes-0.2.0-py310h5588dad_1006.tar.bz2#8fa9c1b03d838a262be611ca23003ebd
https://conda.anaconda.org/conda-forge/win-64/ruamel.yaml.clib-0.2.7-py310h8d17308_1.conda#e7cee92d4b0e9f8a68823d2501a87063
https://conda.anaconda.org/conda-forge/noarch/setuptools-65.6.3-pyhd8ed1ab_0.conda#9600fc9524d3f821e6a6d58c52f5bf5a
https://conda.anaconda.org/conda-forge/noarch/shellingham-1.5.0.post1-pyhd8ed1ab_0.conda#7b6405a93373e8444c75cd62d01ee2d9
https://conda.anaconda.org/conda-forge/noarch/six-1.16.0-pyh6c4a22f_0.tar.bz2#e5f25f8dbc060e9a8d912e432202afc2
https://conda.anaconda.org/conda-forge/noarch/tomli-2.0.1-pyhd8ed1ab_0.tar.bz2#5844808ffab9ebdb694585b50ba02a96
https://conda.anaconda.org/conda-forge/noarch/toolz-0.12.0-pyhd8ed1ab_0.tar.bz2#92facfec94bc02d6ccf42e7173831a36
https://conda.anaconda.org/conda-forge/noarch/trove-classifiers-2023.1.12-pyhd8ed1ab_0.conda#e53496698b5d9379bd7ab06da41dbb3c
https://conda.anaconda.org/conda-forge/noarch/typing-3.10.0.0-pyhd8ed1ab_0.tar.bz2#e6573ac68718f17b9d4f5c8eda3190f2
https://conda.anaconda.org/conda-forge/noarch/typing_extensions-4.4.0-pyha770c72_0.tar.bz2#2d93b130d148d7fc77e583677792fc6a
https://conda.anaconda.org/conda-forge/noarch/webencodings-0.5.1-py_1.tar.bz2#3563be4c5611a44210d9ba0c16113136
https://conda.anaconda.org/conda-forge/noarch/wheel-0.38.4-pyhd8ed1ab_0.tar.bz2#c829cfb8cb826acb9de0ac1a2df0a940
https://conda.anaconda.org/conda-forge/noarch/zipp-3.11.0-pyhd8ed1ab_0.conda#09b5b885341697137879a4f039a9e5a1
https://conda.anaconda.org/conda-forge/win-64/aws-c-event-stream-0.2.17-h4de63fd_1.conda#cb0ea964e588f1b4d9dcfc6453b6833e
https://conda.anaconda.org/conda-forge/win-64/aws-c-http-0.7.0-h28290ff_0.conda#4266ca1486873de4d4fecd4bfb635cb9
https://conda.anaconda.org/conda-forge/win-64/cffi-1.15.1-py310h628cb3f_3.conda#b7ca236d34501eb6a70691c1e29a0234
https://conda.anaconda.org/conda-forge/noarch/html5lib-1.1-pyh9f0ad1d_0.tar.bz2#b2355343d6315c892543200231d7154a
https://conda.anaconda.org/conda-forge/noarch/importlib-metadata-6.0.0-pyha770c72_0.conda#691644becbcdca9f73243450b1c63e62
https://conda.anaconda.org/conda-forge/noarch/importlib_resources-5.10.2-pyhd8ed1ab_0.conda#de76905f801c22fc43e624058574eab3
https://conda.anaconda.org/conda-forge/noarch/jaraco.classes-3.2.3-pyhd8ed1ab_0.tar.bz2#31e4a1506968d017229bdb64695013a1
https://conda.anaconda.org/conda-forge/win-64/libgoogle-cloud-2.5.0-h5fc25aa_1.conda#3b3c3fd0626c99d0ce623c679e76c7c6
https://conda.anaconda.org/conda-forge/win-64/libmamba-1.1.0-h8a7d157_3.conda#eca3e8148e2d03ffcf0dc71811cf7b94
https://conda.anaconda.org/conda-forge/noarch/pexpect-4.8.0-pyh1a96a4e_2.tar.bz2#330448ce4403cc74990ac07c555942a1
https://conda.anaconda.org/conda-forge/noarch/pip-22.3.1-pyhd8ed1ab_0.tar.bz2#da66f2851b9836d3a7c5190082a45f7d
https://conda.anaconda.org/conda-forge/noarch/python-dateutil-2.8.2-pyhd8ed1ab_0.tar.bz2#dd999d1cc9f79e67dbb855c8924c7984
https://conda.anaconda.org/conda-forge/win-64/ruamel.yaml-0.17.21-py310h8d17308_2.tar.bz2#266f81ef89f0cfef72a628e236147f7f
https://conda.anaconda.org/conda-forge/win-64/tbb-2021.7.0-h91493d7_1.conda#39365b918d4f04909485f3055b131c86
https://conda.anaconda.org/conda-forge/noarch/tomlkit-0.11.6-pyha770c72_0.tar.bz2#471bf9e605820b59988e830382b8d654
https://conda.anaconda.org/conda-forge/noarch/tqdm-4.64.1-pyhd8ed1ab_0.tar.bz2#5526ff3f88f9db87bb0924b9ce575345
https://conda.anaconda.org/conda-forge/noarch/typing-extensions-4.4.0-hd8ed1ab_0.tar.bz2#be969210b61b897775a0de63cd9e9026
https://conda.anaconda.org/conda-forge/win-64/aws-c-auth-0.6.21-h0fd8c68_3.conda#7b39c9ee08516bee006868b010868176
https://conda.anaconda.org/conda-forge/win-64/aws-c-mqtt-0.7.13-h0d1d87f_12.conda#0d0381b8c7a59c2f8bbc17809ca6d82c
https://conda.anaconda.org/conda-forge/win-64/brotlipy-0.7.0-py310h8d17308_1005.tar.bz2#6cb010e0fa21d7b606a13038a89ccbc2
https://conda.anaconda.org/conda-forge/win-64/cryptography-39.0.0-py310h6e82f81_0.conda#925c5f114c9a7ff2c2889c6ff0a091d4
https://conda.anaconda.org/conda-forge/noarch/importlib_metadata-6.0.0-hd8ed1ab_0.conda#a67d43e1527a37199dd8db913366f68e
https://conda.anaconda.org/conda-forge/noarch/jsonschema-4.17.3-pyhd8ed1ab_0.conda#723268a468177cd44568eb8f794e0d80
https://conda.anaconda.org/conda-forge/win-64/libmambapy-1.1.0-py310h3fe4c2e_3.conda#cfdde61a8a1709e272266475508d5f05
https://conda.anaconda.org/conda-forge/win-64/mkl-2022.1.0-h6a75c08_874.tar.bz2#2ff89a7337a9636029b4db9466e9f8e3
https://conda.anaconda.org/conda-forge/noarch/platformdirs-2.6.2-pyhd8ed1ab_0.conda#0b4cc3f8181b0d8446eb5387d7848a54
https://conda.anaconda.org/conda-forge/noarch/poetry-core-1.4.0-pyhd8ed1ab_0.conda#9e9b2959e327aee8a2e547d23fcaf543
https://conda.anaconda.org/conda-forge/win-64/zstandard-0.19.0-py310h0009e47_1.conda#9ef29771ac801a8a1e132f2f67ccf5cc
https://conda.anaconda.org/conda-forge/win-64/aws-c-s3-0.2.1-h898862f_4.conda#9397941e198c16de82b6acbbe617879d
https://conda.anaconda.org/conda-forge/noarch/conda-package-streaming-0.7.0-pyhd8ed1ab_1.conda#1a2fa9e53cfbc2e4d9ab21990805a436
https://conda.anaconda.org/conda-forge/win-64/keyring-23.13.1-py310h5588dad_0.conda#30210ff7bf71d7e193251e21d87f2838
https://conda.anaconda.org/conda-forge/win-64/libblas-3.9.0-16_win64_mkl.tar.bz2#d2e6f4e86cee2b4e8c27ff6884ccdc61
https://conda.anaconda.org/conda-forge/win-64/mkl-devel-2022.1.0-h57928b3_875.tar.bz2#6319a06307af296c1dfae93687c283b2
https://conda.anaconda.org/conda-forge/noarch/poetry-plugin-export-1.2.0-pyhd8ed1ab_1.conda#309418d675cc86490b40cf78df21d80f
https://conda.anaconda.org/conda-forge/noarch/pyopenssl-23.0.0-pyhd8ed1ab_0.conda#d41957700e83bbb925928764cb7f8878
https://conda.anaconda.org/conda-forge/win-64/virtualenv-20.17.1-py310h5588dad_0.conda#5d33348766354615a8090c2e3a952c0b
https://conda.anaconda.org/conda-forge/win-64/aws-crt-cpp-0.18.16-h977b11b_8.conda#fbe43226f14aa07f9c8f68b4f979f5fe
https://conda.anaconda.org/conda-forge/noarch/conda-package-handling-2.0.2-pyh38be061_0.conda#44800e9bd13143292097c65e57323038
https://conda.anaconda.org/conda-forge/win-64/libcblas-3.9.0-16_win64_mkl.tar.bz2#14c2fb03b2bb14dfa3806186ca91d557
https://conda.anaconda.org/conda-forge/win-64/liblapack-3.9.0-16_win64_mkl.tar.bz2#be2f9d5712a5bb05cd900005ee752a05
https://conda.anaconda.org/conda-forge/noarch/urllib3-1.26.14-pyhd8ed1ab_0.conda#01f33ad2e0aaf6b5ba4add50dad5ad29
https://conda.anaconda.org/conda-forge/win-64/aws-sdk-cpp-1.9.379-haf3c795_7.conda#c540db947a6ab196201cc3344025ba38
https://conda.anaconda.org/conda-forge/win-64/dulwich-0.20.50-py310h8d17308_0.tar.bz2#fac33b3a33322e83fe2e47124c5ad99d
https://conda.anaconda.org/conda-forge/win-64/liblapacke-3.9.0-16_win64_mkl.tar.bz2#983e827b7c9562075c2e74d596d056c1
https://conda.anaconda.org/conda-forge/win-64/numpy-1.24.1-py310h4a8f9c9_0.conda#3a8fb4ff03b730acd3eea929d49cb01d
https://conda.anaconda.org/conda-forge/noarch/requests-2.28.1-pyhd8ed1ab_1.tar.bz2#089382ee0e2dc2eae33a04cc3c2bddb0
https://conda.anaconda.org/conda-forge/win-64/blas-devel-3.9.0-16_win64_mkl.tar.bz2#dc89c75a7dd26c88ac77d64bf313973e
https://conda.anaconda.org/conda-forge/noarch/cachecontrol-0.12.11-pyhd8ed1ab_0.tar.bz2#6eefee9888f33f150b5d44d616b1a613
https://conda.anaconda.org/conda-forge/win-64/conda-22.11.1-py310h5588dad_1.conda#c3d945c484bd40460dbfe2e978c5e353
https://conda.anaconda.org/conda-forge/win-64/libarrow-10.0.1-h226723c_3_cpu.conda#29be456f5f6d20e6d146814daf67300e
https://conda.anaconda.org/conda-forge/win-64/pandas-1.5.2-py310h1c4a608_2.conda#e8bdd2f2676576f2b16285420b4c3a10
https://conda.anaconda.org/conda-forge/win-64/rapidfuzz-2.13.7-py310h00ffb61_0.conda#c914152f2df4828ee62de179736a7ade
https://conda.anaconda.org/conda-forge/noarch/requests-toolbelt-0.10.1-pyhd8ed1ab_0.tar.bz2#a4cd20af9711434f89d1ec0d2b3ae6ba
https://conda.anaconda.org/conda-forge/win-64/arrow-cpp-10.0.1-h9c18f36_3_cpu.conda#0d97c6c914a20190764f5d10420ff213
https://conda.anaconda.org/conda-forge/win-64/blas-2.116-mkl.tar.bz2#7529860b43278247a278c6f56a191d2e
https://conda.anaconda.org/conda-forge/noarch/cleo-2.0.1-pyhd8ed1ab_0.conda#f1c5f2af6676cbe9206e191d1e70f661
https://conda.anaconda.org/conda-forge/win-64/mamba-1.1.0-py310hd9d798f_3.conda#1a20653bdaedb611bb5aa1514acf88e0
https://conda.anaconda.org/conda-forge/noarch/parquet-cpp-1.5.1-2.tar.bz2#79a5f78c42817594ae016a7896521a97
https://conda.anaconda.org/conda-forge/win-64/poetry-1.3.1-py310h5588dad_0.conda#7b4d9b3da7cf97f3aa5bc1b389e255b1
https://conda.anaconda.org/pytorch/win-64/pytorch-1.13.1-py3.10_cpu_0.tar.bz2#590785a46512b2029d9a5e1dbc002712
https://conda.anaconda.org/conda-forge/win-64/pyarrow-10.0.1-py310hf00d861_3_cpu.conda#c33419a100c666681f328bb8c922d1cd
